
Microsoft Visual Studio Solution File, Format Version 12.00
# Visual Studio Version 16
VisualStudioVersion = 16.0.31702.278
MinimumVisualStudioVersion = 10.0.40219.1
Project("{FAE04EC0-301F-11D3-BF4B-00C04F79EFBC}") = "School-Manager", "School-Manager\School-Manager.csproj", "{E2673F93-958D-49F7-B62D-09CF552EBDF4}"
EndProject
Global
	GlobalSection(SolutionConfigurationPlatforms) = preSolution
		Debug|Any CPU = Debug|Any CPU
		Release|Any CPU = Release|Any CPU
	EndGlobalSection
	GlobalSection(ProjectConfigurationPlatforms) = postSolution
		{E2673F93-958D-49F7-B62D-09CF552EBDF4}.Debug|Any CPU.ActiveCfg = Debug|Any CPU
		{E2673F93-958D-49F7-B62D-09CF552EBDF4}.Debug|Any CPU.Build.0 = Debug|Any CPU
		{E2673F93-958D-49F7-B62D-09CF552EBDF4}.Release|Any CPU.ActiveCfg = Release|Any CPU
		{E2673F93-958D-49F7-B62D-09CF552EBDF4}.Release|Any CPU.Build.0 = Release|Any CPU
	EndGlobalSection
	GlobalSection(SolutionProperties) = preSolution
		HideSolutionNode = FALSE
	EndGlobalSection
	GlobalSection(ExtensibilityGlobals) = postSolution
		SolutionGuid = {2DA90EB7-A8CA-4C1B-9FFE-3A63EFA5B55D}
	EndGlobalSection
EndGlobal
